
Microsoft Visual Studio Solution File, Format Version 12.00
# Visual Studio Version 17
VisualStudioVersion = 17.1.32210.238
MinimumVisualStudioVersion = 10.0.40219.1
Project("{FAE04EC0-301F-11D3-BF4B-00C04F79EFBC}") = "XuRunjing0221WebApplication", "XuRunjing0221WebApplication\XuRunjing0221WebApplication.csproj", "{1665036C-D2FF-4792-AF09-C9B3476996C8}"
EndProject
Global
	GlobalSection(SolutionConfigurationPlatforms) = preSolution
		Debug|Any CPU = Debug|Any CPU
		Release|Any CPU = Release|Any CPU
	EndGlobalSection
	GlobalSection(ProjectConfigurationPlatforms) = postSolution
		{1665036C-D2FF-4792-AF09-C9B3476996C8}.Debug|Any CPU.ActiveCfg = Debug|Any CPU
		{1665036C-D2FF-4792-AF09-C9B3476996C8}.Debug|Any CPU.Build.0 = Debug|Any CPU
		{1665036C-D2FF-4792-AF09-C9B3476996C8}.Release|Any CPU.ActiveCfg = Release|Any CPU
		{1665036C-D2FF-4792-AF09-C9B3476996C8}.Release|Any CPU.Build.0 = Release|Any CPU
	EndGlobalSection
	GlobalSection(SolutionProperties) = preSolution
		HideSolutionNode = FALSE
	EndGlobalSection
	GlobalSection(ExtensibilityGlobals) = postSolution
		SolutionGuid = {0E661137-6D71-416E-B888-75C626E01380}
	EndGlobalSection
EndGlobal
